
Microsoft Visual Studio Solution File, Format Version 12.00
# Visual Studio Version 17
VisualStudioVersion = 17.8.34330.188
MinimumVisualStudioVersion = 10.0.40219.1
Project("{FAE04EC0-301F-11D3-BF4B-00C04F79EFBC}") = "Getri_DFA_CountryState", "Getri_DFA_CountryState\Getri_DFA_CountryState.csproj", "{1D7DFD0D-E875-4A40-AE80-54DAD9409936}"
EndProject
Global
	GlobalSection(SolutionConfigurationPlatforms) = preSolution
		Debug|Any CPU = Debug|Any CPU
		Release|Any CPU = Release|Any CPU
	EndGlobalSection
	GlobalSection(ProjectConfigurationPlatforms) = postSolution
		{1D7DFD0D-E875-4A40-AE80-54DAD9409936}.Debug|Any CPU.ActiveCfg = Debug|Any CPU
		{1D7DFD0D-E875-4A40-AE80-54DAD9409936}.Debug|Any CPU.Build.0 = Debug|Any CPU
		{1D7DFD0D-E875-4A40-AE80-54DAD9409936}.Release|Any CPU.ActiveCfg = Release|Any CPU
		{1D7DFD0D-E875-4A40-AE80-54DAD9409936}.Release|Any CPU.Build.0 = Release|Any CPU
	EndGlobalSection
	GlobalSection(SolutionProperties) = preSolution
		HideSolutionNode = FALSE
	EndGlobalSection
	GlobalSection(ExtensibilityGlobals) = postSolution
		SolutionGuid = {CB5FF8DC-B5E2-4A8E-B1EF-25938BF3417B}
	EndGlobalSection
EndGlobal
